// !$*UTF8*$!
{
	archiveVersion = 1;
	classes = {
	};
	objectVersion = 51;
	objects = {

/* Begin PBXBuildFile section */
		0F27BA6A2478471700E28F64 /* PlantsLayout.swift in Sources */ = {isa = PBXBuildFile; fileRef = 0F27BA692478471600E28F64 /* PlantsLayout.swift */; };
		0F8216C924757893000FD10C /* ItemCell.swift in Sources */ = {isa = PBXBuildFile; fileRef = 0F8216C824757893000FD10C /* ItemCell.swift */; };
		0FA0018F2472C42F000F1211 /* AppDelegate.swift in Sources */ = {isa = PBXBuildFile; fileRef = 0FA0018E2472C42F000F1211 /* AppDelegate.swift */; };
		0FA001932472C42F000F1211 /* MainViewController.swift in Sources */ = {isa = PBXBuildFile; fileRef = 0FA001922472C42F000F1211 /* MainViewController.swift */; };
		0FA001982472C431000F1211 /* Assets.xcassets in Resources */ = {isa = PBXBuildFile; fileRef = 0FA001972472C431000F1211 /* Assets.xcassets */; };
		0FA0019B2472C431000F1211 /* LaunchScreen.storyboard in Resources */ = {isa = PBXBuildFile; fileRef = 0FA001992472C431000F1211 /* LaunchScreen.storyboard */; };
		0FA001A52472C559000F1211 /* UIColor+extensions.swift in Sources */ = {isa = PBXBuildFile; fileRef = 0FA001A22472C559000F1211 /* UIColor+extensions.swift */; };
		0FA001A62472C559000F1211 /* Colors.swift in Sources */ = {isa = PBXBuildFile; fileRef = 0FA001A32472C559000F1211 /* Colors.swift */; };
		0FA001A72472C559000F1211 /* Images.swift in Sources */ = {isa = PBXBuildFile; fileRef = 0FA001A42472C559000F1211 /* Images.swift */; };
		0FA001A92472FD17000F1211 /* NavigationView.swift in Sources */ = {isa = PBXBuildFile; fileRef = 0FA001A82472FD17000F1211 /* NavigationView.swift */; };
		DAD7CE98F6C558B7CBA0D822 /* Pods_MagicPlants.framework in Frameworks */ = {isa = PBXBuildFile; fileRef = 48C9F9FABADF4EC13D3A34E2 /* Pods_MagicPlants.framework */; };
/* End PBXBuildFile section */

/* Begin PBXFileReference section */
		0F27BA692478471600E28F64 /* PlantsLayout.swift */ = {isa = PBXFileReference; fileEncoding = 4; lastKnownFileType = sourcecode.swift; path = PlantsLayout.swift; sourceTree = "<group>"; };
		0F8216C824757893000FD10C /* ItemCell.swift */ = {isa = PBXFileReference; fileEncoding = 4; lastKnownFileType = sourcecode.swift; path = ItemCell.swift; sourceTree = "<group>"; };
		0FA0018B2472C42F000F1211 /* MagicPlants.app */ = {isa = PBXFileReference; explicitFileType = wrapper.application; includeInIndex = 0; path = MagicPlants.app; sourceTree = BUILT_PRODUCTS_DIR; };
		0FA0018E2472C42F000F1211 /* AppDelegate.swift */ = {isa = PBXFileReference; lastKnownFileType = sourcecode.swift; path = AppDelegate.swift; sourceTree = "<group>"; };
		0FA001922472C42F000F1211 /* MainViewController.swift */ = {isa = PBXFileReference; lastKnownFileType = sourcecode.swift; path = MainViewController.swift; sourceTree = "<group>"; };
		0FA001972472C431000F1211 /* Assets.xcassets */ = {isa = PBXFileReference; lastKnownFileType = folder.assetcatalog; path = Assets.xcassets; sourceTree = "<group>"; };
		0FA0019A2472C431000F1211 /* Base */ = {isa = PBXFileReference; lastKnownFileType = file.storyboard; name = Base; path = Base.lproj/LaunchScreen.storyboard; sourceTree = "<group>"; };
		0FA0019C2472C431000F1211 /* Info.plist */ = {isa = PBXFileReference; lastKnownFileType = text.plist.xml; path = Info.plist; sourceTree = "<group>"; };
		0FA001A22472C559000F1211 /* UIColor+extensions.swift */ = {isa = PBXFileReference; fileEncoding = 4; lastKnownFileType = sourcecode.swift; path = "UIColor+extensions.swift"; sourceTree = "<group>"; };
		0FA001A32472C559000F1211 /* Colors.swift */ = {isa = PBXFileReference; fileEncoding = 4; lastKnownFileType = sourcecode.swift; path = Colors.swift; sourceTree = "<group>"; };
		0FA001A42472C559000F1211 /* Images.swift */ = {isa = PBXFileReference; fileEncoding = 4; lastKnownFileType = sourcecode.swift; path = Images.swift; sourceTree = "<group>"; };
		0FA001A82472FD17000F1211 /* NavigationView.swift */ = {isa = PBXFileReference; fileEncoding = 4; lastKnownFileType = sourcecode.swift; path = NavigationView.swift; sourceTree = "<group>"; };
		2E41DB029CD3CE70FAC0DC30 /* Pods-MagicPlants.release.xcconfig */ = {isa = PBXFileReference; includeInIndex = 1; lastKnownFileType = text.xcconfig; name = "Pods-MagicPlants.release.xcconfig"; path = "Target Support Files/Pods-MagicPlants/Pods-MagicPlants.release.xcconfig"; sourceTree = "<group>"; };
		48C9F9FABADF4EC13D3A34E2 /* Pods_MagicPlants.framework */ = {isa = PBXFileReference; explicitFileType = wrapper.framework; includeInIndex = 0; path = Pods_MagicPlants.framework; sourceTree = BUILT_PRODUCTS_DIR; };
		B75191A0027DDF17902283F8 /* Pods-MagicPlants.debug.xcconfig */ = {isa = PBXFileReference; includeInIndex = 1; lastKnownFileType = text.xcconfig; name = "Pods-MagicPlants.debug.xcconfig"; path = "Target Support Files/Pods-MagicPlants/Pods-MagicPlants.debug.xcconfig"; sourceTree = "<group>"; };
/* End PBXFileReference section */

/* Begin PBXFrameworksBuildPhase section */
		0FA001882472C42F000F1211 /* Frameworks */ = {
			isa = PBXFrameworksBuildPhase;
			buildActionMask = 2147483647;
			files = (
				DAD7CE98F6C558B7CBA0D822 /* Pods_MagicPlants.framework in Frameworks */,
			);
			runOnlyForDeploymentPostprocessing = 0;
		};
/* End PBXFrameworksBuildPhase section */

/* Begin PBXGroup section */
		0FA001822472C42F000F1211 = {
			isa = PBXGroup;
			children = (
				0FA0018D2472C42F000F1211 /* MagicPlants */,
				0FA0018C2472C42F000F1211 /* Products */,
				D9E1ACD9F9602E3A2D94CA44 /* Pods */,
				807159ADD81D40A7DEDEA365 /* Frameworks */,
			);
			sourceTree = "<group>";
		};
		0FA0018C2472C42F000F1211 /* Products */ = {
			isa = PBXGroup;
			children = (
				0FA0018B2472C42F000F1211 /* MagicPlants.app */,
			);
			name = Products;
			sourceTree = "<group>";
		};
		0FA0018D2472C42F000F1211 /* MagicPlants */ = {
			isa = PBXGroup;
			children = (
				0FA0018E2472C42F000F1211 /* AppDelegate.swift */,
				0FA001922472C42F000F1211 /* MainViewController.swift */,
				0FA001A82472FD17000F1211 /* NavigationView.swift */,
				0F8216C824757893000FD10C /* ItemCell.swift */,
				0F27BA692478471600E28F64 /* PlantsLayout.swift */,
				0FA001972472C431000F1211 /* Assets.xcassets */,
				0FA001992472C431000F1211 /* LaunchScreen.storyboard */,
				0FA0019C2472C431000F1211 /* Info.plist */,
				0FA001A32472C559000F1211 /* Colors.swift */,
				0FA001A42472C559000F1211 /* Images.swift */,
				0FA001A22472C559000F1211 /* UIColor+extensions.swift */,
			);
			path = MagicPlants;
			sourceTree = "<group>";
		};
		807159ADD81D40A7DEDEA365 /* Frameworks */ = {
			isa = PBXGroup;
			children = (
				48C9F9FABADF4EC13D3A34E2 /* Pods_MagicPlants.framework */,
			);
			name = Frameworks;
			sourceTree = "<group>";
		};
		D9E1ACD9F9602E3A2D94CA44 /* Pods */ = {
			isa = PBXGroup;
			children = (
				B75191A0027DDF17902283F8 /* Pods-MagicPlants.debug.xcconfig */,
				2E41DB029CD3CE70FAC0DC30 /* Pods-MagicPlants.release.xcconfig */,
			);
			path = Pods;
			sourceTree = "<group>";
		};
/* End PBXGroup section */

/* Begin PBXNativeTarget section */
		0FA0018A2472C42F000F1211 /* MagicPlants */ = {
			isa = PBXNativeTarget;
			buildConfigurationList = 0FA0019F2472C431000F1211 /* Build configuration list for PBXNativeTarget "MagicPlants" */;
			buildPhases = (
				745E1D867429286F95A87A2A /* [CP] Check Pods Manifest.lock */,
				0FA001872472C42F000F1211 /* Sources */,
				0FA001882472C42F000F1211 /* Frameworks */,
				0FA001892472C42F000F1211 /* Resources */,
				32A00730E19311F8062F2BA6 /* [CP] Embed Pods Frameworks */,
			);
			buildRules = (
			);
			dependencies = (
			);
			name = MagicPlants;
			productName = MagicPlants;
			productReference = 0FA0018B2472C42F000F1211 /* MagicPlants.app */;
			productType = "com.apple.product-type.application";
		};
/* End PBXNativeTarget section */

/* Begin PBXProject section */
		0FA001832472C42F000F1211 /* Project object */ = {
			isa = PBXProject;
			attributes = {
				LastSwiftUpdateCheck = 1140;
				LastUpgradeCheck = 1140;
				ORGANIZATIONNAME = "Татьяна Севостьянова";
				TargetAttributes = {
					0FA0018A2472C42F000F1211 = {
						CreatedOnToolsVersion = 11.4.1;
					};
				};
			};
			buildConfigurationList = 0FA001862472C42F000F1211 /* Build configuration list for PBXProject "MagicPlants" */;
			compatibilityVersion = "Xcode 9.3";
			developmentRegion = en;
			hasScannedForEncodings = 0;
			knownRegions = (
				en,
				Base,
			);
			mainGroup = 0FA001822472C42F000F1211;
			productRefGroup = 0FA0018C2472C42F000F1211 /* Products */;
			projectDirPath = "";
			projectRoot = "";
			targets = (
				0FA0018A2472C42F000F1211 /* MagicPlants */,
			);
		};
/* End PBXProject section */

/* Begin PBXResourcesBuildPhase section */
		0FA001892472C42F000F1211 /* Resources */ = {
			isa = PBXResourcesBuildPhase;
			buildActionMask = 2147483647;
			files = (
				0FA0019B2472C431000F1211 /* LaunchScreen.storyboard in Resources */,
				0FA001982472C431000F1211 /* Assets.xcassets in Resources */,
			);
			runOnlyForDeploymentPostprocessing = 0;
		};
/* End PBXResourcesBuildPhase section */

/* Begin PBXShellScriptBuildPhase section */
		32A00730E19311F8062F2BA6 /* [CP] Embed Pods Frameworks */ = {
			isa = PBXShellScriptBuildPhase;
			buildActionMask = 2147483647;
			files = (
			);
			inputFileListPaths = (
				"${PODS_ROOT}/Target Support Files/Pods-MagicPlants/Pods-MagicPlants-frameworks-${CONFIGURATION}-input-files.xcfilelist",
			);
			name = "[CP] Embed Pods Frameworks";
			outputFileListPaths = (
				"${PODS_ROOT}/Target Support Files/Pods-MagicPlants/Pods-MagicPlants-frameworks-${CONFIGURATION}-output-files.xcfilelist",
			);
			runOnlyForDeploymentPostprocessing = 0;
			shellPath = /bin/sh;
			shellScript = "\"${PODS_ROOT}/Target Support Files/Pods-MagicPlants/Pods-MagicPlants-frameworks.sh\"\n";
			showEnvVarsInLog = 0;
		};
		745E1D867429286F95A87A2A /* [CP] Check Pods Manifest.lock */ = {
			isa = PBXShellScriptBuildPhase;
			buildActionMask = 2147483647;
			files = (
			);
			inputFileListPaths = (
			);
			inputPaths = (
				"${PODS_PODFILE_DIR_PATH}/Podfile.lock",
				"${PODS_ROOT}/Manifest.lock",
			);
			name = "[CP] Check Pods Manifest.lock";
			outputFileListPaths = (
			);
			outputPaths = (
				"$(DERIVED_FILE_DIR)/Pods-MagicPlants-checkManifestLockResult.txt",
			);
			runOnlyForDeploymentPostprocessing = 0;
			shellPath = /bin/sh;
			shellScript = "diff \"${PODS_PODFILE_DIR_PATH}/Podfile.lock\" \"${PODS_ROOT}/Manifest.lock\" > /dev/null\nif [ $? != 0 ] ; then\n    # print error to STDERR\n    echo \"error: The sandbox is not in sync with the Podfile.lock. Run 'pod install' or update your CocoaPods installation.\" >&2\n    exit 1\nfi\n# This output is used by Xcode 'outputs' to avoid re-running this script phase.\necho \"SUCCESS\" > \"${SCRIPT_OUTPUT_FILE_0}\"\n";
			showEnvVarsInLog = 0;
		};
/* End PBXShellScriptBuildPhase section */

/* Begin PBXSourcesBuildPhase section */
		0FA001872472C42F000F1211 /* Sources */ = {
			isa = PBXSourcesBuildPhase;
			buildActionMask = 2147483647;
			files = (
				0FA001932472C42F000F1211 /* MainViewController.swift in Sources */,
				0FA001A62472C559000F1211 /* Colors.swift in Sources */,
				0FA001A72472C559000F1211 /* Images.swift in Sources */,
				0FA0018F2472C42F000F1211 /* AppDelegate.swift in Sources */,
				0FA001A92472FD17000F1211 /* NavigationView.swift in Sources */,
				0F27BA6A2478471700E28F64 /* PlantsLayout.swift in Sources */,
				0F8216C924757893000FD10C /* ItemCell.swift in Sources */,
				0FA001A52472C559000F1211 /* UIColor+extensions.swift in Sources */,
			);
			runOnlyForDeploymentPostprocessing = 0;
		};
/* End PBXSourcesBuildPhase section */

/* Begin PBXVariantGroup section */
		0FA001992472C431000F1211 /* LaunchScreen.storyboard */ = {
			isa = PBXVariantGroup;
			children = (
				0FA0019A2472C431000F1211 /* Base */,
			);
			name = LaunchScreen.storyboard;
			sourceTree = "<group>";
		};
/* End PBXVariantGroup section */

/* Begin XCBuildConfiguration section */
		0FA0019D2472C431000F1211 /* Debug */ = {
			isa = XCBuildConfiguration;
			buildSettings = {
				ALWAYS_SEARCH_USER_PATHS = NO;
				CLANG_ANALYZER_NONNULL = YES;
				CLANG_ANALYZER_NUMBER_OBJECT_CONVERSION = YES_AGGRESSIVE;
				CLANG_CXX_LANGUAGE_STANDARD = "gnu++14";
				CLANG_CXX_LIBRARY = "libc++";
				CLANG_ENABLE_MODULES = YES;
				CLANG_ENABLE_OBJC_ARC = YES;
				CLANG_ENABLE_OBJC_WEAK = YES;
				CLANG_WARN_BLOCK_CAPTURE_AUTORELEASING = YES;
				CLANG_WARN_BOOL_CONVERSION = YES;
				CLANG_WARN_COMMA = YES;
				CLANG_WARN_CONSTANT_CONVERSION = YES;
				CLANG_WARN_DEPRECATED_OBJC_IMPLEMENTATIONS = YES;
				CLANG_WARN_DIRECT_OBJC_ISA_USAGE = YES_ERROR;
				CLANG_WARN_DOCUMENTATION_COMMENTS = YES;
				CLANG_WARN_EMPTY_BODY = YES;
				CLANG_WARN_ENUM_CONVERSION = YES;
				CLANG_WARN_INFINITE_RECURSION = YES;
				CLANG_WARN_INT_CONVERSION = YES;
				CLANG_WARN_NON_LITERAL_NULL_CONVERSION = YES;
				CLANG_WARN_OBJC_IMPLICIT_RETAIN_SELF = YES;
				CLANG_WARN_OBJC_LITERAL_CONVERSION = YES;
				CLANG_WARN_OBJC_ROOT_CLASS = YES_ERROR;
				CLANG_WARN_RANGE_LOOP_ANALYSIS = YES;
				CLANG_WARN_STRICT_PROTOTYPES = YES;
				CLANG_WARN_SUSPICIOUS_MOVE = YES;
				CLANG_WARN_UNGUARDED_AVAILABILITY = YES_AGGRESSIVE;
				CLANG_WARN_UNREACHABLE_CODE = YES;
				CLANG_WARN__DUPLICATE_METHOD_MATCH = YES;
				COPY_PHASE_STRIP = NO;
				DEBUG_INFORMATION_FORMAT = dwarf;
				ENABLE_STRICT_OBJC_MSGSEND = YES;
				ENABLE_TESTABILITY = YES;
				GCC_C_LANGUAGE_STANDARD = gnu11;
				GCC_DYNAMIC_NO_PIC = NO;
				GCC_NO_COMMON_BLOCKS = YES;
				GCC_OPTIMIZATION_LEVEL = 0;
				GCC_PREPROCESSOR_DEFINITIONS = (
					"DEBUG=1",
					"$(inherited)",
				);
				GCC_WARN_64_TO_32_BIT_CONVERSION = YES;
				GCC_WARN_ABOUT_RETURN_TYPE = YES_ERROR;
				GCC_WARN_UNDECLARED_SELECTOR = YES;
				GCC_WARN_UNINITIALIZED_AUTOS = YES_AGGRESSIVE;
				GCC_WARN_UNUSED_FUNCTION = YES;
				GCC_WARN_UNUSED_VARIABLE = YES;
				IPHONEOS_DEPLOYMENT_TARGET = 13.4;
				MTL_ENABLE_DEBUG_INFO = INCLUDE_SOURCE;
				MTL_FAST_MATH = YES;
				ONLY_ACTIVE_ARCH = YES;
				SDKROOT = iphoneos;
				SWIFT_ACTIVE_COMPILATION_CONDITIONS = DEBUG;
				SWIFT_OPTIMIZATION_LEVEL = "-Onone";
			};
			name = Debug;
		};
		0FA0019E2472C431000F1211 /* Release */ = {
			isa = XCBuildConfiguration;
			buildSettings = {
				ALWAYS_SEARCH_USER_PATHS = NO;
				CLANG_ANALYZER_NONNULL = YES;
				CLANG_ANALYZER_NUMBER_OBJECT_CONVERSION = YES_AGGRESSIVE;
				CLANG_CXX_LANGUAGE_STANDARD = "gnu++14";
				CLANG_CXX_LIBRARY = "libc++";
				CLANG_ENABLE_MODULES = YES;
				CLANG_ENABLE_OBJC_ARC = YES;
				CLANG_ENABLE_OBJC_WEAK = YES;
				CLANG_WARN_BLOCK_CAPTURE_AUTORELEASING = YES;
				CLANG_WARN_BOOL_CONVERSION = YES;
				CLANG_WARN_COMMA = YES;
				CLANG_WARN_CONSTANT_CONVERSION = YES;
				CLANG_WARN_DEPRECATED_OBJC_IMPLEMENTATIONS = YES;
				CLANG_WARN_DIRECT_OBJC_ISA_USAGE = YES_ERROR;
				CLANG_WARN_DOCUMENTATION_COMMENTS = YES;
				CLANG_WARN_EMPTY_BODY = YES;
				CLANG_WARN_ENUM_CONVERSION = YES;
				CLANG_WARN_INFINITE_RECURSION = YES;
				CLANG_WARN_INT_CONVERSION = YES;
				CLANG_WARN_NON_LITERAL_NULL_CONVERSION = YES;
				CLANG_WARN_OBJC_IMPLICIT_RETAIN_SELF = YES;
				CLANG_WARN_OBJC_LITERAL_CONVERSION = YES;
				CLANG_WARN_OBJC_ROOT_CLASS = YES_ERROR;
				CLANG_WARN_RANGE_LOOP_ANALYSIS = YES;
				CLANG_WARN_STRICT_PROTOTYPES = YES;
				CLANG_WARN_SUSPICIOUS_MOVE = YES;
				CLANG_WARN_UNGUARDED_AVAILABILITY = YES_AGGRESSIVE;
				CLANG_WARN_UNREACHABLE_CODE = YES;
				CLANG_WARN__DUPLICATE_METHOD_MATCH = YES;
				COPY_PHASE_STRIP = NO;
				DEBUG_INFORMATION_FORMAT = "dwarf-with-dsym";
				ENABLE_NS_ASSERTIONS = NO;
				ENABLE_STRICT_OBJC_MSGSEND = YES;
				GCC_C_LANGUAGE_STANDARD = gnu11;
				GCC_NO_COMMON_BLOCKS = YES;
				GCC_WARN_64_TO_32_BIT_CONVERSION = YES;
				GCC_WARN_ABOUT_RETURN_TYPE = YES_ERROR;
				GCC_WARN_UNDECLARED_SELECTOR = YES;
				GCC_WARN_UNINITIALIZED_AUTOS = YES_AGGRESSIVE;
				GCC_WARN_UNUSED_FUNCTION = YES;
				GCC_WARN_UNUSED_VARIABLE = YES;
				IPHONEOS_DEPLOYMENT_TARGET = 13.4;
				MTL_ENABLE_DEBUG_INFO = NO;
				MTL_FAST_MATH = YES;
				SDKROOT = iphoneos;
				SWIFT_COMPILATION_MODE = wholemodule;
				SWIFT_OPTIMIZATION_LEVEL = "-O";
				VALIDATE_PRODUCT = YES;
			};
			name = Release;
		};
		0FA001A02472C431000F1211 /* Debug */ = {
			isa = XCBuildConfiguration;
			baseConfigurationReference = B75191A0027DDF17902283F8 /* Pods-MagicPlants.debug.xcconfig */;
			buildSettings = {
				ASSETCATALOG_COMPILER_APPICON_NAME = AppIcon;
				CODE_SIGN_STYLE = Automatic;
				DEVELOPMENT_TEAM = SB478V62H9;
				INFOPLIST_FILE = MagicPlants/Info.plist;
				LD_RUNPATH_SEARCH_PATHS = (
					"$(inherited)",
					"@executable_path/Frameworks",
				);
				PRODUCT_BUNDLE_IDENTIFIER = ru.adeveloper.MagicPlants;
				PRODUCT_NAME = "$(TARGET_NAME)";
				SWIFT_VERSION = 5.0;
				TARGETED_DEVICE_FAMILY = "1,2";
			};
			name = Debug;
		};
		0FA001A12472C431000F1211 /* Release */ = {
			isa = XCBuildConfiguration;
			baseConfigurationReference = 2E41DB029CD3CE70FAC0DC30 /* Pods-MagicPlants.release.xcconfig */;
			buildSettings = {
				ASSETCATALOG_COMPILER_APPICON_NAME = AppIcon;
				CODE_SIGN_STYLE = Automatic;
				DEVELOPMENT_TEAM = SB478V62H9;
				INFOPLIST_FILE = MagicPlants/Info.plist;
				LD_RUNPATH_SEARCH_PATHS = (
					"$(inherited)",
					"@executable_path/Frameworks",
				);
				PRODUCT_BUNDLE_IDENTIFIER = ru.adeveloper.MagicPlants;
				PRODUCT_NAME = "$(TARGET_NAME)";
				SWIFT_VERSION = 5.0;
				TARGETED_DEVICE_FAMILY = "1,2";
			};
			name = Release;
		};
/* End XCBuildConfiguration section */

/* Begin XCConfigurationList section */
		0FA001862472C42F000F1211 /* Build configuration list for PBXProject "MagicPlants" */ = {
			isa = XCConfigurationList;
			buildConfigurations = (
				0FA0019D2472C431000F1211 /* Debug */,
				0FA0019E2472C431000F1211 /* Release */,
			);
			defaultConfigurationIsVisible = 0;
			defaultConfigurationName = Release;
		};
		0FA0019F2472C431000F1211 /* Build configuration list for PBXNativeTarget "MagicPlants" */ = {
			isa = XCConfigurationList;
			buildConfigurations = (
				0FA001A02472C431000F1211 /* Debug */,
				0FA001A12472C431000F1211 /* Release */,
			);
			defaultConfigurationIsVisible = 0;
			defaultConfigurationName = Release;
		};
/* End XCConfigurationList section */
	};
	rootObject = 0FA001832472C42F000F1211 /* Project object */;
}
